
Microsoft Visual Studio Solution File, Format Version 12.00
# Visual Studio Version 17
VisualStudioVersion = 17.0.32112.339
MinimumVisualStudioVersion = 10.0.40219.1
Project("{9A19103F-16F7-4668-BE54-9A1E7A4F7556}") = "BaseLab11.2", "BaseLab11.1\BaseLab11.2.csproj", "{929717CF-412A-4672-B909-5B7C442607E4}"
EndProject
Global
	GlobalSection(SolutionConfigurationPlatforms) = preSolution
		Debug|Any CPU = Debug|Any CPU
		Release|Any CPU = Release|Any CPU
	EndGlobalSection
	GlobalSection(ProjectConfigurationPlatforms) = postSolution
		{929717CF-412A-4672-B909-5B7C442607E4}.Debug|Any CPU.ActiveCfg = Debug|Any CPU
		{929717CF-412A-4672-B909-5B7C442607E4}.Debug|Any CPU.Build.0 = Debug|Any CPU
		{929717CF-412A-4672-B909-5B7C442607E4}.Release|Any CPU.ActiveCfg = Release|Any CPU
		{929717CF-412A-4672-B909-5B7C442607E4}.Release|Any CPU.Build.0 = Release|Any CPU
	EndGlobalSection
	GlobalSection(SolutionProperties) = preSolution
		HideSolutionNode = FALSE
	EndGlobalSection
	GlobalSection(ExtensibilityGlobals) = postSolution
		SolutionGuid = {91A763BD-E6A2-4ED9-AEDA-5983FD76BB1B}
	EndGlobalSection
EndGlobal
